{
  "name": "usage-test",
  "version": "1.0.0",
  "lockfileVersion": 3,
  "requires": true,
  "packages": {
    "": {
      "name": "usage-test",
      "version": "1.0.0",
      "dependencies": {
        "@joyboy-parser/core": "file:../packages/core"
      }
    },
    "../packages/core": {
      "name": "@joyboy-parser/core",
      "version": "1.0.3",
      "license": "MIT",
      "dependencies": {
        "@joyboy-parser/source-registry": "^1.0.1",
        "@joyboy-parser/types": "^1.0.1",
        "axios": "^1.13.2",
        "linkedom": "^0.18.12"
      },
      "devDependencies": {
        "tsup": "^8.5.1",
        "typescript": "^5.9.3",
        "vitest": "^1.6.1"
      },
      "peerDependencies": {
        "@joyboy-parser/source-registry": "1.0.1",
        "@joyboy-parser/types": "^1.0.1"
      }
    },
    "node_modules/@joyboy-parser/core": {
      "resolved": "../packages/core",
      "link": true
    }
  }
}
